<?xml version="1.0" encoding="utf-8"?>
<Project ToolsVersion="4.0" xmlns="http://schemas.microsoft.com/developer/msbuild/2003">
  <ItemGroup>
    <Filter Include="NegativeEngine">
      <UniqueIdentifier>{AE7F5C2E-9A4D-5034-83E1-C05A6F4E2C99}</UniqueIdentifier>
    </Filter>
  </ItemGroup>
  <ItemGroup>
    <ClInclude Include="src\NEngine.h" />
    <ClInclude Include="src\NegativeEngine\Application.h">
      <Filter>NegativeEngine</Filter>
    </ClInclude>
    <ClInclude Include="src\NegativeEngine\Core.h">
      <Filter>NegativeEngine</Filter>
    </ClInclude>
    <ClInclude Include="src\NegativeEngine\Entrypoint.h">
      <Filter>NegativeEngine</Filter>
    </ClInclude>
  </ItemGroup>
  <ItemGroup>
    <ClCompile Include="src\NegativeEngine\Application.cpp">
      <Filter>NegativeEngine</Filter>
    </ClCompile>
  </ItemGroup>
</Project>